// !$*UTF8*$!
{
	archiveVersion = 1;
	classes = {
	};
	objectVersion = 46;
	objects = {

/* Begin PBXBuildFile section */
		2AE806931CFDE34F00FDDB2F /* AppDelegate.swift in Sources */ = {isa = PBXBuildFile; fileRef = 2AE806921CFDE34F00FDDB2F /* AppDelegate.swift */; };
		2AE806951CFDE34F00FDDB2F /* ViewController.swift in Sources */ = {isa = PBXBuildFile; fileRef = 2AE806941CFDE34F00FDDB2F /* ViewController.swift */; };
		2AE8069A1CFDE34F00FDDB2F /* Assets.xcassets in Resources */ = {isa = PBXBuildFile; fileRef = 2AE806991CFDE34F00FDDB2F /* Assets.xcassets */; };
		2AE8069D1CFDE34F00FDDB2F /* LaunchScreen.storyboard in Resources */ = {isa = PBXBuildFile; fileRef = 2AE8069B1CFDE34F00FDDB2F /* LaunchScreen.storyboard */; };
		2AE806A51CFDE39B00FDDB2F /* Main.storyboard in Resources */ = {isa = PBXBuildFile; fileRef = 2AE806A41CFDE39B00FDDB2F /* Main.storyboard */; };
/* End PBXBuildFile section */

/* Begin PBXFileReference section */
		2AE8068F1CFDE34F00FDDB2F /* iOS Example.app */ = {isa = PBXFileReference; explicitFileType = wrapper.application; includeInIndex = 0; path = "iOS Example.app"; sourceTree = BUILT_PRODUCTS_DIR; };
		2AE806921CFDE34F00FDDB2F /* AppDelegate.swift */ = {isa = PBXFileReference; lastKnownFileType = sourcecode.swift; path = AppDelegate.swift; sourceTree = "<group>"; };
		2AE806941CFDE34F00FDDB2F /* ViewController.swift */ = {isa = PBXFileReference; lastKnownFileType = sourcecode.swift; path = ViewController.swift; sourceTree = "<group>"; };
		2AE806991CFDE34F00FDDB2F /* Assets.xcassets */ = {isa = PBXFileReference; lastKnownFileType = folder.assetcatalog; path = Assets.xcassets; sourceTree = "<group>"; };
		2AE8069C1CFDE34F00FDDB2F /* Base */ = {isa = PBXFileReference; lastKnownFileType = file.storyboard; name = Base; path = Base.lproj/LaunchScreen.storyboard; sourceTree = "<group>"; };
		2AE8069E1CFDE34F00FDDB2F /* Info.plist */ = {isa = PBXFileReference; lastKnownFileType = text.plist.xml; path = Info.plist; sourceTree = "<group>"; };
		2AE806A41CFDE39B00FDDB2F /* Main.storyboard */ = {isa = PBXFileReference; fileEncoding = 4; lastKnownFileType = file.storyboard; path = Main.storyboard; sourceTree = "<group>"; };
/* End PBXFileReference section */

/* Begin PBXFrameworksBuildPhase section */
		2AE8068C1CFDE34F00FDDB2F /* Frameworks */ = {
			isa = PBXFrameworksBuildPhase;
			buildActionMask = 2147483647;
			files = (
			);
			runOnlyForDeploymentPostprocessing = 0;
		};
/* End PBXFrameworksBuildPhase section */

/* Begin PBXGroup section */
		2AE806861CFDE34F00FDDB2F = {
			isa = PBXGroup;
			children = (
				2AE806911CFDE34F00FDDB2F /* iOS Example */,
				2AE806901CFDE34F00FDDB2F /* Products */,
			);
			sourceTree = "<group>";
		};
		2AE806901CFDE34F00FDDB2F /* Products */ = {
			isa = PBXGroup;
			children = (
				2AE8068F1CFDE34F00FDDB2F /* iOS Example.app */,
			);
			name = Products;
			sourceTree = "<group>";
		};
		2AE806911CFDE34F00FDDB2F /* iOS Example */ = {
			isa = PBXGroup;
			children = (
				2AE806921CFDE34F00FDDB2F /* AppDelegate.swift */,
				2AE806941CFDE34F00FDDB2F /* ViewController.swift */,
				2AE806A41CFDE39B00FDDB2F /* Main.storyboard */,
				2AE806991CFDE34F00FDDB2F /* Assets.xcassets */,
				2AE8069B1CFDE34F00FDDB2F /* LaunchScreen.storyboard */,
				2AE8069E1CFDE34F00FDDB2F /* Info.plist */,
			);
			path = "iOS Example";
			sourceTree = "<group>";
		};
/* End PBXGroup section */

/* Begin PBXNativeTarget section */
		2AE8068E1CFDE34F00FDDB2F /* iOS Example */ = {
			isa = PBXNativeTarget;
			buildConfigurationList = 2AE806A11CFDE34F00FDDB2F /* Build configuration list for PBXNativeTarget "iOS Example" */;
			buildPhases = (
				2AE8068B1CFDE34F00FDDB2F /* Sources */,
				2AE8068C1CFDE34F00FDDB2F /* Frameworks */,
				2AE8068D1CFDE34F00FDDB2F /* Resources */,
			);
			buildRules = (
			);
			dependencies = (
			);
			name = "iOS Example";
			productName = "iOS Example";
			productReference = 2AE8068F1CFDE34F00FDDB2F /* iOS Example.app */;
			productType = "com.apple.product-type.application";
		};
/* End PBXNativeTarget section */

/* Begin PBXProject section */
		2AE806871CFDE34F00FDDB2F /* Project object */ = {
			isa = PBXProject;
			attributes = {
				LastSwiftUpdateCheck = 0730;
				LastUpgradeCheck = 0730;
				ORGANIZATIONNAME = "Richard Stelling";
				TargetAttributes = {
					2AE8068E1CFDE34F00FDDB2F = {
						CreatedOnToolsVersion = 7.3.1;
					};
				};
			};
			buildConfigurationList = 2AE8068A1CFDE34F00FDDB2F /* Build configuration list for PBXProject "iOS Example" */;
			compatibilityVersion = "Xcode 3.2";
			developmentRegion = English;
			hasScannedForEncodings = 0;
			knownRegions = (
				en,
				Base,
			);
			mainGroup = 2AE806861CFDE34F00FDDB2F;
			productRefGroup = 2AE806901CFDE34F00FDDB2F /* Products */;
			projectDirPath = "";
			projectRoot = "";
			targets = (
				2AE8068E1CFDE34F00FDDB2F /* iOS Example */,
			);
		};
/* End PBXProject section */

/* Begin PBXResourcesBuildPhase section */
		2AE8068D1CFDE34F00FDDB2F /* Resources */ = {
			isa = PBXResourcesBuildPhase;
			buildActionMask = 2147483647;
			files = (
				2AE806A51CFDE39B00FDDB2F /* Main.storyboard in Resources */,
				2AE8069D1CFDE34F00FDDB2F /* LaunchScreen.storyboard in Resources */,
				2AE8069A1CFDE34F00FDDB2F /* Assets.xcassets in Resources */,
			);
			runOnlyForDeploymentPostprocessing = 0;
		};
/* End PBXResourcesBuildPhase section */

/* Begin PBXSourcesBuildPhase section */
		2AE8068B1CFDE34F00FDDB2F /* Sources */ = {
			isa = PBXSourcesBuildPhase;
			buildActionMask = 2147483647;
			files = (
				2AE806951CFDE34F00FDDB2F /* ViewController.swift in Sources */,
				2AE806931CFDE34F00FDDB2F /* AppDelegate.swift in Sources */,
			);
			runOnlyForDeploymentPostprocessing = 0;
		};
/* End PBXSourcesBuildPhase section */

/* Begin PBXVariantGroup section */
		2AE8069B1CFDE34F00FDDB2F /* LaunchScreen.storyboard */ = {
			isa = PBXVariantGroup;
			children = (
				2AE8069C1CFDE34F00FDDB2F /* Base */,
			);
			name = LaunchScreen.storyboard;
			sourceTree = "<group>";
		};
/* End PBXVariantGroup section */

/* Begin XCBuildConfiguration section */
		2AE8069F1CFDE34F00FDDB2F /* Debug */ = {
			isa = XCBuildConfiguration;
			buildSettings = {
				ALWAYS_SEARCH_USER_PATHS = NO;
				CLANG_ANALYZER_NONNULL = YES;
				CLANG_CXX_LANGUAGE_STANDARD = "gnu++0x";
				CLANG_CXX_LIBRARY = "libc++";
				CLANG_ENABLE_MODULES = YES;
				CLANG_ENABLE_OBJC_ARC = YES;
				CLANG_WARN_BOOL_CONVERSION = YES;
				CLANG_WARN_CONSTANT_CONVERSION = YES;
				CLANG_WARN_DIRECT_OBJC_ISA_USAGE = YES_ERROR;
				CLANG_WARN_EMPTY_BODY = YES;
				CLANG_WARN_ENUM_CONVERSION = YES;
				CLANG_WARN_INT_CONVERSION = YES;
				CLANG_WARN_OBJC_ROOT_CLASS = YES_ERROR;
				CLANG_WARN_UNREACHABLE_CODE = YES;
				CLANG_WARN__DUPLICATE_METHOD_MATCH = YES;
				"CODE_SIGN_IDENTITY[sdk=iphoneos*]" = "iPhone Developer";
				COPY_PHASE_STRIP = NO;
				DEBUG_INFORMATION_FORMAT = dwarf;
				ENABLE_STRICT_OBJC_MSGSEND = YES;
				ENABLE_TESTABILITY = YES;
				GCC_C_LANGUAGE_STANDARD = gnu99;
				GCC_DYNAMIC_NO_PIC = NO;
				GCC_NO_COMMON_BLOCKS = YES;
				GCC_OPTIMIZATION_LEVEL = 0;
				GCC_PREPROCESSOR_DEFINITIONS = (
					"DEBUG=1",
					"$(inherited)",
				);
				GCC_WARN_64_TO_32_BIT_CONVERSION = YES;
				GCC_WARN_ABOUT_RETURN_TYPE = YES_ERROR;
				GCC_WARN_UNDECLARED_SELECTOR = YES;
				GCC_WARN_UNINITIALIZED_AUTOS = YES_AGGRESSIVE;
				GCC_WARN_UNUSED_FUNCTION = YES;
				GCC_WARN_UNUSED_VARIABLE = YES;
				IPHONEOS_DEPLOYMENT_TARGET = 9.3;
				MTL_ENABLE_DEBUG_INFO = YES;
				ONLY_ACTIVE_ARCH = YES;
				SDKROOT = iphoneos;
				SWIFT_OPTIMIZATION_LEVEL = "-Onone";
				TARGETED_DEVICE_FAMILY = "1,2";
			};
			name = Debug;
		};
		2AE806A01CFDE34F00FDDB2F /* Release */ = {
			isa = XCBuildConfiguration;
			buildSettings = {
				ALWAYS_SEARCH_USER_PATHS = NO;
				CLANG_ANALYZER_NONNULL = YES;
				CLANG_CXX_LANGUAGE_STANDARD = "gnu++0x";
				CLANG_CXX_LIBRARY = "libc++";
				CLANG_ENABLE_MODULES = YES;
				CLANG_ENABLE_OBJC_ARC = YES;
				CLANG_WARN_BOOL_CONVERSION = YES;
				CLANG_WARN_CONSTANT_CONVERSION = YES;
				CLANG_WARN_DIRECT_OBJC_ISA_USAGE = YES_ERROR;
				CLANG_WARN_EMPTY_BODY = YES;
				CLANG_WARN_ENUM_CONVERSION = YES;
				CLANG_WARN_INT_CONVERSION = YES;
				CLANG_WARN_OBJC_ROOT_CLASS = YES_ERROR;
				CLANG_WARN_UNREACHABLE_CODE = YES;
				CLANG_WARN__DUPLICATE_METHOD_MATCH = YES;
				"CODE_SIGN_IDENTITY[sdk=iphoneos*]" = "iPhone Developer";
				COPY_PHASE_STRIP = NO;
				DEBUG_INFORMATION_FORMAT = "dwarf-with-dsym";
				ENABLE_NS_ASSERTIONS = NO;
				ENABLE_STRICT_OBJC_MSGSEND = YES;
				GCC_C_LANGUAGE_STANDARD = gnu99;
				GCC_NO_COMMON_BLOCKS = YES;
				GCC_WARN_64_TO_32_BIT_CONVERSION = YES;
				GCC_WARN_ABOUT_RETURN_TYPE = YES_ERROR;
				GCC_WARN_UNDECLARED_SELECTOR = YES;
				GCC_WARN_UNINITIALIZED_AUTOS = YES_AGGRESSIVE;
				GCC_WARN_UNUSED_FUNCTION = YES;
				GCC_WARN_UNUSED_VARIABLE = YES;
				IPHONEOS_DEPLOYMENT_TARGET = 9.3;
				MTL_ENABLE_DEBUG_INFO = NO;
				SDKROOT = iphoneos;
				TARGETED_DEVICE_FAMILY = "1,2";
				VALIDATE_PRODUCT = YES;
			};
			name = Release;
		};
		2AE806A21CFDE34F00FDDB2F /* Debug */ = {
			isa = XCBuildConfiguration;
			buildSettings = {
				ASSETCATALOG_COMPILER_APPICON_NAME = AppIcon;
				INFOPLIST_FILE = "iOS Example/Info.plist";
				LD_RUNPATH_SEARCH_PATHS = "$(inherited) @executable_path/Frameworks";
				PRODUCT_BUNDLE_IDENTIFIER = "com.empiricalmagic.iOS-Example";
				PRODUCT_NAME = "$(TARGET_NAME)";
			};
			name = Debug;
		};
		2AE806A31CFDE34F00FDDB2F /* Release */ = {
			isa = XCBuildConfiguration;
			buildSettings = {
				ASSETCATALOG_COMPILER_APPICON_NAME = AppIcon;
				INFOPLIST_FILE = "iOS Example/Info.plist";
				LD_RUNPATH_SEARCH_PATHS = "$(inherited) @executable_path/Frameworks";
				PRODUCT_BUNDLE_IDENTIFIER = "com.empiricalmagic.iOS-Example";
				PRODUCT_NAME = "$(TARGET_NAME)";
			};
			name = Release;
		};
/* End XCBuildConfiguration section */

/* Begin XCConfigurationList section */
		2AE8068A1CFDE34F00FDDB2F /* Build configuration list for PBXProject "iOS Example" */ = {
			isa = XCConfigurationList;
			buildConfigurations = (
				2AE8069F1CFDE34F00FDDB2F /* Debug */,
				2AE806A01CFDE34F00FDDB2F /* Release */,
			);
			defaultConfigurationIsVisible = 0;
			defaultConfigurationName = Release;
		};
		2AE806A11CFDE34F00FDDB2F /* Build configuration list for PBXNativeTarget "iOS Example" */ = {
			isa = XCConfigurationList;
			buildConfigurations = (
				2AE806A21CFDE34F00FDDB2F /* Debug */,
				2AE806A31CFDE34F00FDDB2F /* Release */,
			);
			defaultConfigurationIsVisible = 0;
			defaultConfigurationName = Release;
		};
/* End XCConfigurationList section */
	};
	rootObject = 2AE806871CFDE34F00FDDB2F /* Project object */;
}
