// !$*UTF8*$!
{
	archiveVersion = 1;
	classes = {
	};
	objectVersion = 46;
	objects = {

/* Begin PBXBuildFile section */
		2A91278C1CEFB54C008CA0FE /* AppDelegate.swift in Sources */ = {isa = PBXBuildFile; fileRef = 2A91278B1CEFB54C008CA0FE /* AppDelegate.swift */; };
		2A91278E1CEFB54C008CA0FE /* ViewController.swift in Sources */ = {isa = PBXBuildFile; fileRef = 2A91278D1CEFB54C008CA0FE /* ViewController.swift */; };
		2A9127911CEFB54C008CA0FE /* Main.storyboard in Resources */ = {isa = PBXBuildFile; fileRef = 2A91278F1CEFB54C008CA0FE /* Main.storyboard */; };
		2A9127931CEFB54C008CA0FE /* Assets.xcassets in Resources */ = {isa = PBXBuildFile; fileRef = 2A9127921CEFB54C008CA0FE /* Assets.xcassets */; };
		2A9127961CEFB54C008CA0FE /* LaunchScreen.storyboard in Resources */ = {isa = PBXBuildFile; fileRef = 2A9127941CEFB54C008CA0FE /* LaunchScreen.storyboard */; };
		2A91279E1CEFB5CE008CA0FE /* Host.swift in Sources */ = {isa = PBXBuildFile; fileRef = 2A91279D1CEFB5CE008CA0FE /* Host.swift */; };
/* End PBXBuildFile section */

/* Begin PBXFileReference section */
		2A9127881CEFB54C008CA0FE /* Host.app */ = {isa = PBXFileReference; explicitFileType = wrapper.application; includeInIndex = 0; path = Host.app; sourceTree = BUILT_PRODUCTS_DIR; };
		2A91278B1CEFB54C008CA0FE /* AppDelegate.swift */ = {isa = PBXFileReference; lastKnownFileType = sourcecode.swift; path = AppDelegate.swift; sourceTree = "<group>"; };
		2A91278D1CEFB54C008CA0FE /* ViewController.swift */ = {isa = PBXFileReference; lastKnownFileType = sourcecode.swift; path = ViewController.swift; sourceTree = "<group>"; };
		2A9127901CEFB54C008CA0FE /* Base */ = {isa = PBXFileReference; lastKnownFileType = file.storyboard; name = Base; path = Base.lproj/Main.storyboard; sourceTree = "<group>"; };
		2A9127921CEFB54C008CA0FE /* Assets.xcassets */ = {isa = PBXFileReference; lastKnownFileType = folder.assetcatalog; path = Assets.xcassets; sourceTree = "<group>"; };
		2A9127951CEFB54C008CA0FE /* Base */ = {isa = PBXFileReference; lastKnownFileType = file.storyboard; name = Base; path = Base.lproj/LaunchScreen.storyboard; sourceTree = "<group>"; };
		2A9127971CEFB54C008CA0FE /* Info.plist */ = {isa = PBXFileReference; lastKnownFileType = text.plist.xml; path = Info.plist; sourceTree = "<group>"; };
		2A91279D1CEFB5CE008CA0FE /* Host.swift */ = {isa = PBXFileReference; fileEncoding = 4; lastKnownFileType = sourcecode.swift; path = Host.swift; sourceTree = "<group>"; };
/* End PBXFileReference section */

/* Begin PBXFrameworksBuildPhase section */
		2A9127851CEFB54C008CA0FE /* Frameworks */ = {
			isa = PBXFrameworksBuildPhase;
			buildActionMask = 2147483647;
			files = (
			);
			runOnlyForDeploymentPostprocessing = 0;
		};
/* End PBXFrameworksBuildPhase section */

/* Begin PBXGroup section */
		2A91277F1CEFB54C008CA0FE = {
			isa = PBXGroup;
			children = (
				2A91279D1CEFB5CE008CA0FE /* Host.swift */,
				2A91278A1CEFB54C008CA0FE /* Example */,
				2A9127891CEFB54C008CA0FE /* Products */,
			);
			sourceTree = "<group>";
		};
		2A9127891CEFB54C008CA0FE /* Products */ = {
			isa = PBXGroup;
			children = (
				2A9127881CEFB54C008CA0FE /* Host.app */,
			);
			name = Products;
			sourceTree = "<group>";
		};
		2A91278A1CEFB54C008CA0FE /* Example */ = {
			isa = PBXGroup;
			children = (
				2A91278B1CEFB54C008CA0FE /* AppDelegate.swift */,
				2A91278D1CEFB54C008CA0FE /* ViewController.swift */,
				2A91278F1CEFB54C008CA0FE /* Main.storyboard */,
				2A9127921CEFB54C008CA0FE /* Assets.xcassets */,
				2A9127941CEFB54C008CA0FE /* LaunchScreen.storyboard */,
				2A9127971CEFB54C008CA0FE /* Info.plist */,
			);
			name = Example;
			path = Host;
			sourceTree = "<group>";
		};
/* End PBXGroup section */

/* Begin PBXNativeTarget section */
		2A9127871CEFB54C008CA0FE /* Host */ = {
			isa = PBXNativeTarget;
			buildConfigurationList = 2A91279A1CEFB54C008CA0FE /* Build configuration list for PBXNativeTarget "Host" */;
			buildPhases = (
				2A9127841CEFB54C008CA0FE /* Sources */,
				2A9127851CEFB54C008CA0FE /* Frameworks */,
				2A9127861CEFB54C008CA0FE /* Resources */,
			);
			buildRules = (
			);
			dependencies = (
			);
			name = Host;
			productName = Host;
			productReference = 2A9127881CEFB54C008CA0FE /* Host.app */;
			productType = "com.apple.product-type.application";
		};
/* End PBXNativeTarget section */

/* Begin PBXProject section */
		2A9127801CEFB54C008CA0FE /* Project object */ = {
			isa = PBXProject;
			attributes = {
				LastSwiftUpdateCheck = 0730;
				LastUpgradeCheck = 0730;
				ORGANIZATIONNAME = "Richard Stelling";
				TargetAttributes = {
					2A9127871CEFB54C008CA0FE = {
						CreatedOnToolsVersion = 7.3.1;
					};
				};
			};
			buildConfigurationList = 2A9127831CEFB54C008CA0FE /* Build configuration list for PBXProject "Host" */;
			compatibilityVersion = "Xcode 3.2";
			developmentRegion = English;
			hasScannedForEncodings = 0;
			knownRegions = (
				en,
				Base,
			);
			mainGroup = 2A91277F1CEFB54C008CA0FE;
			productRefGroup = 2A9127891CEFB54C008CA0FE /* Products */;
			projectDirPath = "";
			projectRoot = "";
			targets = (
				2A9127871CEFB54C008CA0FE /* Host */,
			);
		};
/* End PBXProject section */

/* Begin PBXResourcesBuildPhase section */
		2A9127861CEFB54C008CA0FE /* Resources */ = {
			isa = PBXResourcesBuildPhase;
			buildActionMask = 2147483647;
			files = (
				2A9127961CEFB54C008CA0FE /* LaunchScreen.storyboard in Resources */,
				2A9127931CEFB54C008CA0FE /* Assets.xcassets in Resources */,
				2A9127911CEFB54C008CA0FE /* Main.storyboard in Resources */,
			);
			runOnlyForDeploymentPostprocessing = 0;
		};
/* End PBXResourcesBuildPhase section */

/* Begin PBXSourcesBuildPhase section */
		2A9127841CEFB54C008CA0FE /* Sources */ = {
			isa = PBXSourcesBuildPhase;
			buildActionMask = 2147483647;
			files = (
				2A91279E1CEFB5CE008CA0FE /* Host.swift in Sources */,
				2A91278E1CEFB54C008CA0FE /* ViewController.swift in Sources */,
				2A91278C1CEFB54C008CA0FE /* AppDelegate.swift in Sources */,
			);
			runOnlyForDeploymentPostprocessing = 0;
		};
/* End PBXSourcesBuildPhase section */

/* Begin PBXVariantGroup section */
		2A91278F1CEFB54C008CA0FE /* Main.storyboard */ = {
			isa = PBXVariantGroup;
			children = (
				2A9127901CEFB54C008CA0FE /* Base */,
			);
			name = Main.storyboard;
			sourceTree = "<group>";
		};
		2A9127941CEFB54C008CA0FE /* LaunchScreen.storyboard */ = {
			isa = PBXVariantGroup;
			children = (
				2A9127951CEFB54C008CA0FE /* Base */,
			);
			name = LaunchScreen.storyboard;
			sourceTree = "<group>";
		};
/* End PBXVariantGroup section */

/* Begin XCBuildConfiguration section */
		2A9127981CEFB54C008CA0FE /* Debug */ = {
			isa = XCBuildConfiguration;
			buildSettings = {
				ALWAYS_SEARCH_USER_PATHS = NO;
				CLANG_ANALYZER_NONNULL = YES;
				CLANG_CXX_LANGUAGE_STANDARD = "gnu++0x";
				CLANG_CXX_LIBRARY = "libc++";
				CLANG_ENABLE_MODULES = YES;
				CLANG_ENABLE_OBJC_ARC = YES;
				CLANG_WARN_BOOL_CONVERSION = YES;
				CLANG_WARN_CONSTANT_CONVERSION = YES;
				CLANG_WARN_DIRECT_OBJC_ISA_USAGE = YES_ERROR;
				CLANG_WARN_EMPTY_BODY = YES;
				CLANG_WARN_ENUM_CONVERSION = YES;
				CLANG_WARN_INT_CONVERSION = YES;
				CLANG_WARN_OBJC_ROOT_CLASS = YES_ERROR;
				CLANG_WARN_UNREACHABLE_CODE = YES;
				CLANG_WARN__DUPLICATE_METHOD_MATCH = YES;
				"CODE_SIGN_IDENTITY[sdk=iphoneos*]" = "iPhone Developer";
				COPY_PHASE_STRIP = NO;
				DEBUG_INFORMATION_FORMAT = dwarf;
				ENABLE_STRICT_OBJC_MSGSEND = YES;
				ENABLE_TESTABILITY = YES;
				GCC_C_LANGUAGE_STANDARD = gnu99;
				GCC_DYNAMIC_NO_PIC = NO;
				GCC_NO_COMMON_BLOCKS = YES;
				GCC_OPTIMIZATION_LEVEL = 0;
				GCC_PREPROCESSOR_DEFINITIONS = (
					"DEBUG=1",
					"$(inherited)",
				);
				GCC_WARN_64_TO_32_BIT_CONVERSION = YES;
				GCC_WARN_ABOUT_RETURN_TYPE = YES_ERROR;
				GCC_WARN_UNDECLARED_SELECTOR = YES;
				GCC_WARN_UNINITIALIZED_AUTOS = YES_AGGRESSIVE;
				GCC_WARN_UNUSED_FUNCTION = YES;
				GCC_WARN_UNUSED_VARIABLE = YES;
				IPHONEOS_DEPLOYMENT_TARGET = 9.3;
				MTL_ENABLE_DEBUG_INFO = YES;
				ONLY_ACTIVE_ARCH = YES;
				SDKROOT = iphoneos;
				SWIFT_OPTIMIZATION_LEVEL = "-Onone";
				TARGETED_DEVICE_FAMILY = "1,2";
			};
			name = Debug;
		};
		2A9127991CEFB54C008CA0FE /* Release */ = {
			isa = XCBuildConfiguration;
			buildSettings = {
				ALWAYS_SEARCH_USER_PATHS = NO;
				CLANG_ANALYZER_NONNULL = YES;
				CLANG_CXX_LANGUAGE_STANDARD = "gnu++0x";
				CLANG_CXX_LIBRARY = "libc++";
				CLANG_ENABLE_MODULES = YES;
				CLANG_ENABLE_OBJC_ARC = YES;
				CLANG_WARN_BOOL_CONVERSION = YES;
				CLANG_WARN_CONSTANT_CONVERSION = YES;
				CLANG_WARN_DIRECT_OBJC_ISA_USAGE = YES_ERROR;
				CLANG_WARN_EMPTY_BODY = YES;
				CLANG_WARN_ENUM_CONVERSION = YES;
				CLANG_WARN_INT_CONVERSION = YES;
				CLANG_WARN_OBJC_ROOT_CLASS = YES_ERROR;
				CLANG_WARN_UNREACHABLE_CODE = YES;
				CLANG_WARN__DUPLICATE_METHOD_MATCH = YES;
				"CODE_SIGN_IDENTITY[sdk=iphoneos*]" = "iPhone Developer";
				COPY_PHASE_STRIP = NO;
				DEBUG_INFORMATION_FORMAT = "dwarf-with-dsym";
				ENABLE_NS_ASSERTIONS = NO;
				ENABLE_STRICT_OBJC_MSGSEND = YES;
				GCC_C_LANGUAGE_STANDARD = gnu99;
				GCC_NO_COMMON_BLOCKS = YES;
				GCC_WARN_64_TO_32_BIT_CONVERSION = YES;
				GCC_WARN_ABOUT_RETURN_TYPE = YES_ERROR;
				GCC_WARN_UNDECLARED_SELECTOR = YES;
				GCC_WARN_UNINITIALIZED_AUTOS = YES_AGGRESSIVE;
				GCC_WARN_UNUSED_FUNCTION = YES;
				GCC_WARN_UNUSED_VARIABLE = YES;
				IPHONEOS_DEPLOYMENT_TARGET = 9.3;
				MTL_ENABLE_DEBUG_INFO = NO;
				SDKROOT = iphoneos;
				TARGETED_DEVICE_FAMILY = "1,2";
				VALIDATE_PRODUCT = YES;
			};
			name = Release;
		};
		2A91279B1CEFB54C008CA0FE /* Debug */ = {
			isa = XCBuildConfiguration;
			buildSettings = {
				ASSETCATALOG_COMPILER_APPICON_NAME = AppIcon;
				INFOPLIST_FILE = Host/Info.plist;
				LD_RUNPATH_SEARCH_PATHS = "$(inherited) @executable_path/Frameworks";
				PRODUCT_BUNDLE_IDENTIFIER = com.empiricalmagic.Host;
				PRODUCT_NAME = "$(TARGET_NAME)";
			};
			name = Debug;
		};
		2A91279C1CEFB54C008CA0FE /* Release */ = {
			isa = XCBuildConfiguration;
			buildSettings = {
				ASSETCATALOG_COMPILER_APPICON_NAME = AppIcon;
				INFOPLIST_FILE = Host/Info.plist;
				LD_RUNPATH_SEARCH_PATHS = "$(inherited) @executable_path/Frameworks";
				PRODUCT_BUNDLE_IDENTIFIER = com.empiricalmagic.Host;
				PRODUCT_NAME = "$(TARGET_NAME)";
			};
			name = Release;
		};
/* End XCBuildConfiguration section */

/* Begin XCConfigurationList section */
		2A9127831CEFB54C008CA0FE /* Build configuration list for PBXProject "Host" */ = {
			isa = XCConfigurationList;
			buildConfigurations = (
				2A9127981CEFB54C008CA0FE /* Debug */,
				2A9127991CEFB54C008CA0FE /* Release */,
			);
			defaultConfigurationIsVisible = 0;
			defaultConfigurationName = Release;
		};
		2A91279A1CEFB54C008CA0FE /* Build configuration list for PBXNativeTarget "Host" */ = {
			isa = XCConfigurationList;
			buildConfigurations = (
				2A91279B1CEFB54C008CA0FE /* Debug */,
				2A91279C1CEFB54C008CA0FE /* Release */,
			);
			defaultConfigurationIsVisible = 0;
		};
/* End XCConfigurationList section */
	};
	rootObject = 2A9127801CEFB54C008CA0FE /* Project object */;
}
